
Microsoft Visual Studio Solution File, Format Version 12.00
# Visual Studio Version 16
VisualStudioVersion = 25.0.1700.0
MinimumVisualStudioVersion = 10.0.40219.1
Project("{FAE04EC0-301F-11D3-BF4B-00C04F79EFBC}") = "Travel_N_Enjoy", "Travel_N_Enjoy.csproj", "{F95AF1E5-566A-4FC2-8140-9B32C17EEF1E}"
EndProject
Global
	GlobalSection(SolutionConfigurationPlatforms) = preSolution
		Debug|Any CPU = Debug|Any CPU
		Release|Any CPU = Release|Any CPU
	EndGlobalSection
	GlobalSection(ProjectConfigurationPlatforms) = postSolution
		{F95AF1E5-566A-4FC2-8140-9B32C17EEF1E}.Debug|Any CPU.ActiveCfg = Debug|Any CPU
		{F95AF1E5-566A-4FC2-8140-9B32C17EEF1E}.Debug|Any CPU.Build.0 = Debug|Any CPU
		{F95AF1E5-566A-4FC2-8140-9B32C17EEF1E}.Release|Any CPU.ActiveCfg = Release|Any CPU
		{F95AF1E5-566A-4FC2-8140-9B32C17EEF1E}.Release|Any CPU.Build.0 = Release|Any CPU
	EndGlobalSection
	GlobalSection(SolutionProperties) = preSolution
		HideSolutionNode = FALSE
	EndGlobalSection
	GlobalSection(ExtensibilityGlobals) = postSolution
		SolutionGuid = {C52E6834-7688-43C0-AB27-1377157C5A64}
	EndGlobalSection
EndGlobal
